// !$*UTF8*$!
{
	archiveVersion = 1;
	classes = {
	};
	objectVersion = 50;
	objects = {

/* Begin PBXBuildFile section */
		5EC4AC9025AC944500B7D0A1 /* AppDelegate.swift in Sources */ = {isa = PBXBuildFile; fileRef = 5EC4AC8F25AC944500B7D0A1 /* AppDelegate.swift */; };
		5EC4AC9225AC944500B7D0A1 /* art.scnassets in Resources */ = {isa = PBXBuildFile; fileRef = 5EC4AC9125AC944500B7D0A1 /* art.scnassets */; };
		5EC4AC9425AC944500B7D0A1 /* ViewController.swift in Sources */ = {isa = PBXBuildFile; fileRef = 5EC4AC9325AC944500B7D0A1 /* ViewController.swift */; };
		5EC4AC9725AC944500B7D0A1 /* Main.storyboard in Resources */ = {isa = PBXBuildFile; fileRef = 5EC4AC9525AC944500B7D0A1 /* Main.storyboard */; };
		5EC4AC9925AC944800B7D0A1 /* Assets.xcassets in Resources */ = {isa = PBXBuildFile; fileRef = 5EC4AC9825AC944800B7D0A1 /* Assets.xcassets */; };
		5EC4AC9C25AC944800B7D0A1 /* LaunchScreen.storyboard in Resources */ = {isa = PBXBuildFile; fileRef = 5EC4AC9A25AC944800B7D0A1 /* LaunchScreen.storyboard */; };
		5EC4ACA725AC944800B7D0A1 /* Poke3DTests.swift in Sources */ = {isa = PBXBuildFile; fileRef = 5EC4ACA625AC944800B7D0A1 /* Poke3DTests.swift */; };
		5EC4ACB225AC944800B7D0A1 /* Poke3DUITests.swift in Sources */ = {isa = PBXBuildFile; fileRef = 5EC4ACB125AC944800B7D0A1 /* Poke3DUITests.swift */; };
/* End PBXBuildFile section */

/* Begin PBXContainerItemProxy section */
		5EC4ACA325AC944800B7D0A1 /* PBXContainerItemProxy */ = {
			isa = PBXContainerItemProxy;
			containerPortal = 5EC4AC8425AC944500B7D0A1 /* Project object */;
			proxyType = 1;
			remoteGlobalIDString = 5EC4AC8B25AC944500B7D0A1;
			remoteInfo = Poke3D;
		};
		5EC4ACAE25AC944800B7D0A1 /* PBXContainerItemProxy */ = {
			isa = PBXContainerItemProxy;
			containerPortal = 5EC4AC8425AC944500B7D0A1 /* Project object */;
			proxyType = 1;
			remoteGlobalIDString = 5EC4AC8B25AC944500B7D0A1;
			remoteInfo = Poke3D;
		};
/* End PBXContainerItemProxy section */

/* Begin PBXFileReference section */
		5EC4AC8C25AC944500B7D0A1 /* Poke3D.app */ = {isa = PBXFileReference; explicitFileType = wrapper.application; includeInIndex = 0; path = Poke3D.app; sourceTree = BUILT_PRODUCTS_DIR; };
		5EC4AC8F25AC944500B7D0A1 /* AppDelegate.swift */ = {isa = PBXFileReference; lastKnownFileType = sourcecode.swift; path = AppDelegate.swift; sourceTree = "<group>"; };
		5EC4AC9125AC944500B7D0A1 /* art.scnassets */ = {isa = PBXFileReference; lastKnownFileType = wrapper.scnassets; path = art.scnassets; sourceTree = "<group>"; };
		5EC4AC9325AC944500B7D0A1 /* ViewController.swift */ = {isa = PBXFileReference; lastKnownFileType = sourcecode.swift; path = ViewController.swift; sourceTree = "<group>"; };
		5EC4AC9625AC944500B7D0A1 /* Base */ = {isa = PBXFileReference; lastKnownFileType = file.storyboard; name = Base; path = Base.lproj/Main.storyboard; sourceTree = "<group>"; };
		5EC4AC9825AC944800B7D0A1 /* Assets.xcassets */ = {isa = PBXFileReference; lastKnownFileType = folder.assetcatalog; path = Assets.xcassets; sourceTree = "<group>"; };
		5EC4AC9B25AC944800B7D0A1 /* Base */ = {isa = PBXFileReference; lastKnownFileType = file.storyboard; name = Base; path = Base.lproj/LaunchScreen.storyboard; sourceTree = "<group>"; };
		5EC4AC9D25AC944800B7D0A1 /* Info.plist */ = {isa = PBXFileReference; lastKnownFileType = text.plist.xml; path = Info.plist; sourceTree = "<group>"; };
		5EC4ACA225AC944800B7D0A1 /* Poke3DTests.xctest */ = {isa = PBXFileReference; explicitFileType = wrapper.cfbundle; includeInIndex = 0; path = Poke3DTests.xctest; sourceTree = BUILT_PRODUCTS_DIR; };
		5EC4ACA625AC944800B7D0A1 /* Poke3DTests.swift */ = {isa = PBXFileReference; lastKnownFileType = sourcecode.swift; path = Poke3DTests.swift; sourceTree = "<group>"; };
		5EC4ACA825AC944800B7D0A1 /* Info.plist */ = {isa = PBXFileReference; lastKnownFileType = text.plist.xml; path = Info.plist; sourceTree = "<group>"; };
		5EC4ACAD25AC944800B7D0A1 /* Poke3DUITests.xctest */ = {isa = PBXFileReference; explicitFileType = wrapper.cfbundle; includeInIndex = 0; path = Poke3DUITests.xctest; sourceTree = BUILT_PRODUCTS_DIR; };
		5EC4ACB125AC944800B7D0A1 /* Poke3DUITests.swift */ = {isa = PBXFileReference; lastKnownFileType = sourcecode.swift; path = Poke3DUITests.swift; sourceTree = "<group>"; };
		5EC4ACB325AC944800B7D0A1 /* Info.plist */ = {isa = PBXFileReference; lastKnownFileType = text.plist.xml; path = Info.plist; sourceTree = "<group>"; };
/* End PBXFileReference section */

/* Begin PBXFrameworksBuildPhase section */
		5EC4AC8925AC944500B7D0A1 /* Frameworks */ = {
			isa = PBXFrameworksBuildPhase;
			buildActionMask = 2147483647;
			files = (
			);
			runOnlyForDeploymentPostprocessing = 0;
		};
		5EC4AC9F25AC944800B7D0A1 /* Frameworks */ = {
			isa = PBXFrameworksBuildPhase;
			buildActionMask = 2147483647;
			files = (
			);
			runOnlyForDeploymentPostprocessing = 0;
		};
		5EC4ACAA25AC944800B7D0A1 /* Frameworks */ = {
			isa = PBXFrameworksBuildPhase;
			buildActionMask = 2147483647;
			files = (
			);
			runOnlyForDeploymentPostprocessing = 0;
		};
/* End PBXFrameworksBuildPhase section */

/* Begin PBXGroup section */
		5EC4AC8325AC944500B7D0A1 = {
			isa = PBXGroup;
			children = (
				5EC4AC8E25AC944500B7D0A1 /* Poke3D */,
				5EC4ACA525AC944800B7D0A1 /* Poke3DTests */,
				5EC4ACB025AC944800B7D0A1 /* Poke3DUITests */,
				5EC4AC8D25AC944500B7D0A1 /* Products */,
			);
			sourceTree = "<group>";
		};
		5EC4AC8D25AC944500B7D0A1 /* Products */ = {
			isa = PBXGroup;
			children = (
				5EC4AC8C25AC944500B7D0A1 /* Poke3D.app */,
				5EC4ACA225AC944800B7D0A1 /* Poke3DTests.xctest */,
				5EC4ACAD25AC944800B7D0A1 /* Poke3DUITests.xctest */,
			);
			name = Products;
			sourceTree = "<group>";
		};
		5EC4AC8E25AC944500B7D0A1 /* Poke3D */ = {
			isa = PBXGroup;
			children = (
				5EC4AC8F25AC944500B7D0A1 /* AppDelegate.swift */,
				5EC4AC9125AC944500B7D0A1 /* art.scnassets */,
				5EC4AC9325AC944500B7D0A1 /* ViewController.swift */,
				5EC4AC9525AC944500B7D0A1 /* Main.storyboard */,
				5EC4AC9825AC944800B7D0A1 /* Assets.xcassets */,
				5EC4AC9A25AC944800B7D0A1 /* LaunchScreen.storyboard */,
				5EC4AC9D25AC944800B7D0A1 /* Info.plist */,
			);
			path = Poke3D;
			sourceTree = "<group>";
		};
		5EC4ACA525AC944800B7D0A1 /* Poke3DTests */ = {
			isa = PBXGroup;
			children = (
				5EC4ACA625AC944800B7D0A1 /* Poke3DTests.swift */,
				5EC4ACA825AC944800B7D0A1 /* Info.plist */,
			);
			path = Poke3DTests;
			sourceTree = "<group>";
		};
		5EC4ACB025AC944800B7D0A1 /* Poke3DUITests */ = {
			isa = PBXGroup;
			children = (
				5EC4ACB125AC944800B7D0A1 /* Poke3DUITests.swift */,
				5EC4ACB325AC944800B7D0A1 /* Info.plist */,
			);
			path = Poke3DUITests;
			sourceTree = "<group>";
		};
/* End PBXGroup section */

/* Begin PBXNativeTarget section */
		5EC4AC8B25AC944500B7D0A1 /* Poke3D */ = {
			isa = PBXNativeTarget;
			buildConfigurationList = 5EC4ACB625AC944800B7D0A1 /* Build configuration list for PBXNativeTarget "Poke3D" */;
			buildPhases = (
				5EC4AC8825AC944500B7D0A1 /* Sources */,
				5EC4AC8925AC944500B7D0A1 /* Frameworks */,
				5EC4AC8A25AC944500B7D0A1 /* Resources */,
			);
			buildRules = (
			);
			dependencies = (
			);
			name = Poke3D;
			productName = Poke3D;
			productReference = 5EC4AC8C25AC944500B7D0A1 /* Poke3D.app */;
			productType = "com.apple.product-type.application";
		};
		5EC4ACA125AC944800B7D0A1 /* Poke3DTests */ = {
			isa = PBXNativeTarget;
			buildConfigurationList = 5EC4ACB925AC944800B7D0A1 /* Build configuration list for PBXNativeTarget "Poke3DTests" */;
			buildPhases = (
				5EC4AC9E25AC944800B7D0A1 /* Sources */,
				5EC4AC9F25AC944800B7D0A1 /* Frameworks */,
				5EC4ACA025AC944800B7D0A1 /* Resources */,
			);
			buildRules = (
			);
			dependencies = (
				5EC4ACA425AC944800B7D0A1 /* PBXTargetDependency */,
			);
			name = Poke3DTests;
			productName = Poke3DTests;
			productReference = 5EC4ACA225AC944800B7D0A1 /* Poke3DTests.xctest */;
			productType = "com.apple.product-type.bundle.unit-test";
		};
		5EC4ACAC25AC944800B7D0A1 /* Poke3DUITests */ = {
			isa = PBXNativeTarget;
			buildConfigurationList = 5EC4ACBC25AC944800B7D0A1 /* Build configuration list for PBXNativeTarget "Poke3DUITests" */;
			buildPhases = (
				5EC4ACA925AC944800B7D0A1 /* Sources */,
				5EC4ACAA25AC944800B7D0A1 /* Frameworks */,
				5EC4ACAB25AC944800B7D0A1 /* Resources */,
			);
			buildRules = (
			);
			dependencies = (
				5EC4ACAF25AC944800B7D0A1 /* PBXTargetDependency */,
			);
			name = Poke3DUITests;
			productName = Poke3DUITests;
			productReference = 5EC4ACAD25AC944800B7D0A1 /* Poke3DUITests.xctest */;
			productType = "com.apple.product-type.bundle.ui-testing";
		};
/* End PBXNativeTarget section */

/* Begin PBXProject section */
		5EC4AC8425AC944500B7D0A1 /* Project object */ = {
			isa = PBXProject;
			attributes = {
				LastSwiftUpdateCheck = 1230;
				LastUpgradeCheck = 1230;
				TargetAttributes = {
					5EC4AC8B25AC944500B7D0A1 = {
						CreatedOnToolsVersion = 12.3;
					};
					5EC4ACA125AC944800B7D0A1 = {
						CreatedOnToolsVersion = 12.3;
						TestTargetID = 5EC4AC8B25AC944500B7D0A1;
					};
					5EC4ACAC25AC944800B7D0A1 = {
						CreatedOnToolsVersion = 12.3;
						TestTargetID = 5EC4AC8B25AC944500B7D0A1;
					};
				};
			};
			buildConfigurationList = 5EC4AC8725AC944500B7D0A1 /* Build configuration list for PBXProject "Poke3D" */;
			compatibilityVersion = "Xcode 9.3";
			developmentRegion = en;
			hasScannedForEncodings = 0;
			knownRegions = (
				en,
				Base,
			);
			mainGroup = 5EC4AC8325AC944500B7D0A1;
			productRefGroup = 5EC4AC8D25AC944500B7D0A1 /* Products */;
			projectDirPath = "";
			projectRoot = "";
			targets = (
				5EC4AC8B25AC944500B7D0A1 /* Poke3D */,
				5EC4ACA125AC944800B7D0A1 /* Poke3DTests */,
				5EC4ACAC25AC944800B7D0A1 /* Poke3DUITests */,
			);
		};
/* End PBXProject section */

/* Begin PBXResourcesBuildPhase section */
		5EC4AC8A25AC944500B7D0A1 /* Resources */ = {
			isa = PBXResourcesBuildPhase;
			buildActionMask = 2147483647;
			files = (
				5EC4AC9225AC944500B7D0A1 /* art.scnassets in Resources */,
				5EC4AC9C25AC944800B7D0A1 /* LaunchScreen.storyboard in Resources */,
				5EC4AC9925AC944800B7D0A1 /* Assets.xcassets in Resources */,
				5EC4AC9725AC944500B7D0A1 /* Main.storyboard in Resources */,
			);
			runOnlyForDeploymentPostprocessing = 0;
		};
		5EC4ACA025AC944800B7D0A1 /* Resources */ = {
			isa = PBXResourcesBuildPhase;
			buildActionMask = 2147483647;
			files = (
			);
			runOnlyForDeploymentPostprocessing = 0;
		};
		5EC4ACAB25AC944800B7D0A1 /* Resources */ = {
			isa = PBXResourcesBuildPhase;
			buildActionMask = 2147483647;
			files = (
			);
			runOnlyForDeploymentPostprocessing = 0;
		};
/* End PBXResourcesBuildPhase section */

/* Begin PBXSourcesBuildPhase section */
		5EC4AC8825AC944500B7D0A1 /* Sources */ = {
			isa = PBXSourcesBuildPhase;
			buildActionMask = 2147483647;
			files = (
				5EC4AC9425AC944500B7D0A1 /* ViewController.swift in Sources */,
				5EC4AC9025AC944500B7D0A1 /* AppDelegate.swift in Sources */,
			);
			runOnlyForDeploymentPostprocessing = 0;
		};
		5EC4AC9E25AC944800B7D0A1 /* Sources */ = {
			isa = PBXSourcesBuildPhase;
			buildActionMask = 2147483647;
			files = (
				5EC4ACA725AC944800B7D0A1 /* Poke3DTests.swift in Sources */,
			);
			runOnlyForDeploymentPostprocessing = 0;
		};
		5EC4ACA925AC944800B7D0A1 /* Sources */ = {
			isa = PBXSourcesBuildPhase;
			buildActionMask = 2147483647;
			files = (
				5EC4ACB225AC944800B7D0A1 /* Poke3DUITests.swift in Sources */,
			);
			runOnlyForDeploymentPostprocessing = 0;
		};
/* End PBXSourcesBuildPhase section */

/* Begin PBXTargetDependency section */
		5EC4ACA425AC944800B7D0A1 /* PBXTargetDependency */ = {
			isa = PBXTargetDependency;
			target = 5EC4AC8B25AC944500B7D0A1 /* Poke3D */;
			targetProxy = 5EC4ACA325AC944800B7D0A1 /* PBXContainerItemProxy */;
		};
		5EC4ACAF25AC944800B7D0A1 /* PBXTargetDependency */ = {
			isa = PBXTargetDependency;
			target = 5EC4AC8B25AC944500B7D0A1 /* Poke3D */;
			targetProxy = 5EC4ACAE25AC944800B7D0A1 /* PBXContainerItemProxy */;
		};
/* End PBXTargetDependency section */

/* Begin PBXVariantGroup section */
		5EC4AC9525AC944500B7D0A1 /* Main.storyboard */ = {
			isa = PBXVariantGroup;
			children = (
				5EC4AC9625AC944500B7D0A1 /* Base */,
			);
			name = Main.storyboard;
			sourceTree = "<group>";
		};
		5EC4AC9A25AC944800B7D0A1 /* LaunchScreen.storyboard */ = {
			isa = PBXVariantGroup;
			children = (
				5EC4AC9B25AC944800B7D0A1 /* Base */,
			);
			name = LaunchScreen.storyboard;
			sourceTree = "<group>";
		};
/* End PBXVariantGroup section */

/* Begin XCBuildConfiguration section */
		5EC4ACB425AC944800B7D0A1 /* Debug */ = {
			isa = XCBuildConfiguration;
			buildSettings = {
				ALWAYS_SEARCH_USER_PATHS = NO;
				CLANG_ANALYZER_NONNULL = YES;
				CLANG_ANALYZER_NUMBER_OBJECT_CONVERSION = YES_AGGRESSIVE;
				CLANG_CXX_LANGUAGE_STANDARD = "gnu++14";
				CLANG_CXX_LIBRARY = "libc++";
				CLANG_ENABLE_MODULES = YES;
				CLANG_ENABLE_OBJC_ARC = YES;
				CLANG_ENABLE_OBJC_WEAK = YES;
				CLANG_WARN_BLOCK_CAPTURE_AUTORELEASING = YES;
				CLANG_WARN_BOOL_CONVERSION = YES;
				CLANG_WARN_COMMA = YES;
				CLANG_WARN_CONSTANT_CONVERSION = YES;
				CLANG_WARN_DEPRECATED_OBJC_IMPLEMENTATIONS = YES;
				CLANG_WARN_DIRECT_OBJC_ISA_USAGE = YES_ERROR;
				CLANG_WARN_DOCUMENTATION_COMMENTS = YES;
				CLANG_WARN_EMPTY_BODY = YES;
				CLANG_WARN_ENUM_CONVERSION = YES;
				CLANG_WARN_INFINITE_RECURSION = YES;
				CLANG_WARN_INT_CONVERSION = YES;
				CLANG_WARN_NON_LITERAL_NULL_CONVERSION = YES;
				CLANG_WARN_OBJC_IMPLICIT_RETAIN_SELF = YES;
				CLANG_WARN_OBJC_LITERAL_CONVERSION = YES;
				CLANG_WARN_OBJC_ROOT_CLASS = YES_ERROR;
				CLANG_WARN_QUOTED_INCLUDE_IN_FRAMEWORK_HEADER = YES;
				CLANG_WARN_RANGE_LOOP_ANALYSIS = YES;
				CLANG_WARN_STRICT_PROTOTYPES = YES;
				CLANG_WARN_SUSPICIOUS_MOVE = YES;
				CLANG_WARN_UNGUARDED_AVAILABILITY = YES_AGGRESSIVE;
				CLANG_WARN_UNREACHABLE_CODE = YES;
				CLANG_WARN__DUPLICATE_METHOD_MATCH = YES;
				COPY_PHASE_STRIP = NO;
				DEBUG_INFORMATION_FORMAT = dwarf;
				ENABLE_STRICT_OBJC_MSGSEND = YES;
				ENABLE_TESTABILITY = YES;
				GCC_C_LANGUAGE_STANDARD = gnu11;
				GCC_DYNAMIC_NO_PIC = NO;
				GCC_NO_COMMON_BLOCKS = YES;
				GCC_OPTIMIZATION_LEVEL = 0;
				GCC_PREPROCESSOR_DEFINITIONS = (
					"DEBUG=1",
					"$(inherited)",
				);
				GCC_WARN_64_TO_32_BIT_CONVERSION = YES;
				GCC_WARN_ABOUT_RETURN_TYPE = YES_ERROR;
				GCC_WARN_UNDECLARED_SELECTOR = YES;
				GCC_WARN_UNINITIALIZED_AUTOS = YES_AGGRESSIVE;
				GCC_WARN_UNUSED_FUNCTION = YES;
				GCC_WARN_UNUSED_VARIABLE = YES;
				IPHONEOS_DEPLOYMENT_TARGET = 14.0;
				MTL_ENABLE_DEBUG_INFO = INCLUDE_SOURCE;
				MTL_FAST_MATH = YES;
				ONLY_ACTIVE_ARCH = YES;
				SDKROOT = iphoneos;
				SWIFT_ACTIVE_COMPILATION_CONDITIONS = DEBUG;
				SWIFT_OPTIMIZATION_LEVEL = "-Onone";
			};
			name = Debug;
		};
		5EC4ACB525AC944800B7D0A1 /* Release */ = {
			isa = XCBuildConfiguration;
			buildSettings = {
				ALWAYS_SEARCH_USER_PATHS = NO;
				CLANG_ANALYZER_NONNULL = YES;
				CLANG_ANALYZER_NUMBER_OBJECT_CONVERSION = YES_AGGRESSIVE;
				CLANG_CXX_LANGUAGE_STANDARD = "gnu++14";
				CLANG_CXX_LIBRARY = "libc++";
				CLANG_ENABLE_MODULES = YES;
				CLANG_ENABLE_OBJC_ARC = YES;
				CLANG_ENABLE_OBJC_WEAK = YES;
				CLANG_WARN_BLOCK_CAPTURE_AUTORELEASING = YES;
				CLANG_WARN_BOOL_CONVERSION = YES;
				CLANG_WARN_COMMA = YES;
				CLANG_WARN_CONSTANT_CONVERSION = YES;
				CLANG_WARN_DEPRECATED_OBJC_IMPLEMENTATIONS = YES;
				CLANG_WARN_DIRECT_OBJC_ISA_USAGE = YES_ERROR;
				CLANG_WARN_DOCUMENTATION_COMMENTS = YES;
				CLANG_WARN_EMPTY_BODY = YES;
				CLANG_WARN_ENUM_CONVERSION = YES;
				CLANG_WARN_INFINITE_RECURSION = YES;
				CLANG_WARN_INT_CONVERSION = YES;
				CLANG_WARN_NON_LITERAL_NULL_CONVERSION = YES;
				CLANG_WARN_OBJC_IMPLICIT_RETAIN_SELF = YES;
				CLANG_WARN_OBJC_LITERAL_CONVERSION = YES;
				CLANG_WARN_OBJC_ROOT_CLASS = YES_ERROR;
				CLANG_WARN_QUOTED_INCLUDE_IN_FRAMEWORK_HEADER = YES;
				CLANG_WARN_RANGE_LOOP_ANALYSIS = YES;
				CLANG_WARN_STRICT_PROTOTYPES = YES;
				CLANG_WARN_SUSPICIOUS_MOVE = YES;
				CLANG_WARN_UNGUARDED_AVAILABILITY = YES_AGGRESSIVE;
				CLANG_WARN_UNREACHABLE_CODE = YES;
				CLANG_WARN__DUPLICATE_METHOD_MATCH = YES;
				COPY_PHASE_STRIP = NO;
				DEBUG_INFORMATION_FORMAT = "dwarf-with-dsym";
				ENABLE_NS_ASSERTIONS = NO;
				ENABLE_STRICT_OBJC_MSGSEND = YES;
				GCC_C_LANGUAGE_STANDARD = gnu11;
				GCC_NO_COMMON_BLOCKS = YES;
				GCC_WARN_64_TO_32_BIT_CONVERSION = YES;
				GCC_WARN_ABOUT_RETURN_TYPE = YES_ERROR;
				GCC_WARN_UNDECLARED_SELECTOR = YES;
				GCC_WARN_UNINITIALIZED_AUTOS = YES_AGGRESSIVE;
				GCC_WARN_UNUSED_FUNCTION = YES;
				GCC_WARN_UNUSED_VARIABLE = YES;
				IPHONEOS_DEPLOYMENT_TARGET = 14.0;
				MTL_ENABLE_DEBUG_INFO = NO;
				MTL_FAST_MATH = YES;
				SDKROOT = iphoneos;
				SWIFT_COMPILATION_MODE = wholemodule;
				SWIFT_OPTIMIZATION_LEVEL = "-O";
				VALIDATE_PRODUCT = YES;
			};
			name = Release;
		};
		5EC4ACB725AC944800B7D0A1 /* Debug */ = {
			isa = XCBuildConfiguration;
			buildSettings = {
				ASSETCATALOG_COMPILER_APPICON_NAME = AppIcon;
				ASSETCATALOG_COMPILER_GLOBAL_ACCENT_COLOR_NAME = AccentColor;
				CODE_SIGN_IDENTITY = "Apple Development";
				CODE_SIGN_STYLE = Automatic;
				DEVELOPMENT_TEAM = 5KGVXR8S2Q;
				INFOPLIST_FILE = Poke3D/Info.plist;
				LD_RUNPATH_SEARCH_PATHS = (
					"$(inherited)",
					"@executable_path/Frameworks",
				);
				PRODUCT_BUNDLE_IDENTIFIER = awsalex.com.Poke3D;
				PRODUCT_NAME = "$(TARGET_NAME)";
				PROVISIONING_PROFILE_SPECIFIER = "";
				SWIFT_VERSION = 5.0;
				TARGETED_DEVICE_FAMILY = "1,2";
			};
			name = Debug;
		};
		5EC4ACB825AC944800B7D0A1 /* Release */ = {
			isa = XCBuildConfiguration;
			buildSettings = {
				ASSETCATALOG_COMPILER_APPICON_NAME = AppIcon;
				ASSETCATALOG_COMPILER_GLOBAL_ACCENT_COLOR_NAME = AccentColor;
				CODE_SIGN_IDENTITY = "Apple Development";
				CODE_SIGN_STYLE = Automatic;
				DEVELOPMENT_TEAM = 5KGVXR8S2Q;
				INFOPLIST_FILE = Poke3D/Info.plist;
				LD_RUNPATH_SEARCH_PATHS = (
					"$(inherited)",
					"@executable_path/Frameworks",
				);
				PRODUCT_BUNDLE_IDENTIFIER = awsalex.com.Poke3D;
				PRODUCT_NAME = "$(TARGET_NAME)";
				PROVISIONING_PROFILE_SPECIFIER = "";
				SWIFT_VERSION = 5.0;
				TARGETED_DEVICE_FAMILY = "1,2";
			};
			name = Release;
		};
		5EC4ACBA25AC944800B7D0A1 /* Debug */ = {
			isa = XCBuildConfiguration;
			buildSettings = {
				ALWAYS_EMBED_SWIFT_STANDARD_LIBRARIES = YES;
				BUNDLE_LOADER = "$(TEST_HOST)";
				CODE_SIGN_STYLE = Automatic;
				DEVELOPMENT_TEAM = 5KGVXR8S2Q;
				INFOPLIST_FILE = Poke3DTests/Info.plist;
				IPHONEOS_DEPLOYMENT_TARGET = 14.3;
				LD_RUNPATH_SEARCH_PATHS = (
					"$(inherited)",
					"@executable_path/Frameworks",
					"@loader_path/Frameworks",
				);
				PRODUCT_BUNDLE_IDENTIFIER = awsalex.com.Poke3DTests;
				PRODUCT_NAME = "$(TARGET_NAME)";
				SWIFT_VERSION = 5.0;
				TARGETED_DEVICE_FAMILY = "1,2";
				TEST_HOST = "$(BUILT_PRODUCTS_DIR)/Poke3D.app/Poke3D";
			};
			name = Debug;
		};
		5EC4ACBB25AC944800B7D0A1 /* Release */ = {
			isa = XCBuildConfiguration;
			buildSettings = {
				ALWAYS_EMBED_SWIFT_STANDARD_LIBRARIES = YES;
				BUNDLE_LOADER = "$(TEST_HOST)";
				CODE_SIGN_STYLE = Automatic;
				DEVELOPMENT_TEAM = 5KGVXR8S2Q;
				INFOPLIST_FILE = Poke3DTests/Info.plist;
				IPHONEOS_DEPLOYMENT_TARGET = 14.3;
				LD_RUNPATH_SEARCH_PATHS = (
					"$(inherited)",
					"@executable_path/Frameworks",
					"@loader_path/Frameworks",
				);
				PRODUCT_BUNDLE_IDENTIFIER = awsalex.com.Poke3DTests;
				PRODUCT_NAME = "$(TARGET_NAME)";
				SWIFT_VERSION = 5.0;
				TARGETED_DEVICE_FAMILY = "1,2";
				TEST_HOST = "$(BUILT_PRODUCTS_DIR)/Poke3D.app/Poke3D";
			};
			name = Release;
		};
		5EC4ACBD25AC944800B7D0A1 /* Debug */ = {
			isa = XCBuildConfiguration;
			buildSettings = {
				ALWAYS_EMBED_SWIFT_STANDARD_LIBRARIES = YES;
				CODE_SIGN_STYLE = Automatic;
				DEVELOPMENT_TEAM = 5KGVXR8S2Q;
				INFOPLIST_FILE = Poke3DUITests/Info.plist;
				LD_RUNPATH_SEARCH_PATHS = (
					"$(inherited)",
					"@executable_path/Frameworks",
					"@loader_path/Frameworks",
				);
				PRODUCT_BUNDLE_IDENTIFIER = awsalex.com.Poke3DUITests;
				PRODUCT_NAME = "$(TARGET_NAME)";
				SWIFT_VERSION = 5.0;
				TARGETED_DEVICE_FAMILY = "1,2";
				TEST_TARGET_NAME = Poke3D;
			};
			name = Debug;
		};
		5EC4ACBE25AC944800B7D0A1 /* Release */ = {
			isa = XCBuildConfiguration;
			buildSettings = {
				ALWAYS_EMBED_SWIFT_STANDARD_LIBRARIES = YES;
				CODE_SIGN_STYLE = Automatic;
				DEVELOPMENT_TEAM = 5KGVXR8S2Q;
				INFOPLIST_FILE = Poke3DUITests/Info.plist;
				LD_RUNPATH_SEARCH_PATHS = (
					"$(inherited)",
					"@executable_path/Frameworks",
					"@loader_path/Frameworks",
				);
				PRODUCT_BUNDLE_IDENTIFIER = awsalex.com.Poke3DUITests;
				PRODUCT_NAME = "$(TARGET_NAME)";
				SWIFT_VERSION = 5.0;
				TARGETED_DEVICE_FAMILY = "1,2";
				TEST_TARGET_NAME = Poke3D;
			};
			name = Release;
		};
/* End XCBuildConfiguration section */

/* Begin XCConfigurationList section */
		5EC4AC8725AC944500B7D0A1 /* Build configuration list for PBXProject "Poke3D" */ = {
			isa = XCConfigurationList;
			buildConfigurations = (
				5EC4ACB425AC944800B7D0A1 /* Debug */,
				5EC4ACB525AC944800B7D0A1 /* Release */,
			);
			defaultConfigurationIsVisible = 0;
			defaultConfigurationName = Release;
		};
		5EC4ACB625AC944800B7D0A1 /* Build configuration list for PBXNativeTarget "Poke3D" */ = {
			isa = XCConfigurationList;
			buildConfigurations = (
				5EC4ACB725AC944800B7D0A1 /* Debug */,
				5EC4ACB825AC944800B7D0A1 /* Release */,
			);
			defaultConfigurationIsVisible = 0;
			defaultConfigurationName = Release;
		};
		5EC4ACB925AC944800B7D0A1 /* Build configuration list for PBXNativeTarget "Poke3DTests" */ = {
			isa = XCConfigurationList;
			buildConfigurations = (
				5EC4ACBA25AC944800B7D0A1 /* Debug */,
				5EC4ACBB25AC944800B7D0A1 /* Release */,
			);
			defaultConfigurationIsVisible = 0;
			defaultConfigurationName = Release;
		};
		5EC4ACBC25AC944800B7D0A1 /* Build configuration list for PBXNativeTarget "Poke3DUITests" */ = {
			isa = XCConfigurationList;
			buildConfigurations = (
				5EC4ACBD25AC944800B7D0A1 /* Debug */,
				5EC4ACBE25AC944800B7D0A1 /* Release */,
			);
			defaultConfigurationIsVisible = 0;
			defaultConfigurationName = Release;
		};
/* End XCConfigurationList section */
	};
	rootObject = 5EC4AC8425AC944500B7D0A1 /* Project object */;
}
